%{"bbmustache": {:hex, :bbmustache, "1.0.3"},
  "erlware_commons": {:hex, :erlware_commons, "0.15.0"},
  "exrm": {:git, "https://github.com/bitwalker/exrm.git", "4c2b476aa25f35961abb783ba64433fe509fff82", [tag: "4c2b476aa25f35961abb783ba64433fe509fff82"]},
  "getopt": {:hex, :getopt, "0.8.2"},
  "nerves": {:git, "https://github.com/nerves-project/nerves.git", "b02a5ba978cb9d56b551dd8ccff731c89e65f765", []},
  "nerves_io_ethernet": {:git, "https://github.com/nerves-project/nerves_io_ethernet.git", "864919735c1cfc794a8045c0d5bf858b2f96b195", []},
  "nerves_io_led": {:git, "https://github.com/nerves-project/nerves_io_led.git", "68c875a15cc556533c136545ddd7036f07fc03c4", []},
  "phoenix_pubsub": {:git, "https://github.com/phoenixframework/phoenix_pubsub.git", "cd25657b02a5efb57feaf660b78206e186e231f1", []},
  "providers": {:hex, :providers, "1.4.1"},
  "relx": {:hex, :relx, "3.5.0"}}
